
Microsoft Visual Studio Solution File, Format Version 12.00
# Visual Studio Version 17
VisualStudioVersion = 17.8.34330.188
MinimumVisualStudioVersion = 10.0.40219.1
Project("{13B669BE-BB05-4DDF-9536-439F39A36129}") = "JongerenKansrijker", "JongerenKansrijker.phpproj", "{EAB00035-64F3-4C7B-83BE-EDCD09D3F027}"
EndProject
Project("{FAE04EC0-301F-11D3-BF4B-00C04F79EFBC}") = "JongerenBlazor", "..\JongerenBlazor\JongerenBlazor.csproj", "{54F7341E-D354-4D57-8B47-E4677823F6DB}"
EndProject
Global
	GlobalSection(SolutionConfigurationPlatforms) = preSolution
		Debug|Any CPU = Debug|Any CPU
		Release|Any CPU = Release|Any CPU
	EndGlobalSection
	GlobalSection(ProjectConfigurationPlatforms) = postSolution
		{EAB00035-64F3-4C7B-83BE-EDCD09D3F027}.Debug|Any CPU.ActiveCfg = Debug|Any CPU
		{EAB00035-64F3-4C7B-83BE-EDCD09D3F027}.Debug|Any CPU.Build.0 = Debug|Any CPU
		{EAB00035-64F3-4C7B-83BE-EDCD09D3F027}.Release|Any CPU.ActiveCfg = Release|Any CPU
		{EAB00035-64F3-4C7B-83BE-EDCD09D3F027}.Release|Any CPU.Build.0 = Release|Any CPU
		{54F7341E-D354-4D57-8B47-E4677823F6DB}.Debug|Any CPU.ActiveCfg = Debug|Any CPU
		{54F7341E-D354-4D57-8B47-E4677823F6DB}.Debug|Any CPU.Build.0 = Debug|Any CPU
		{54F7341E-D354-4D57-8B47-E4677823F6DB}.Release|Any CPU.ActiveCfg = Release|Any CPU
		{54F7341E-D354-4D57-8B47-E4677823F6DB}.Release|Any CPU.Build.0 = Release|Any CPU
	EndGlobalSection
	GlobalSection(SolutionProperties) = preSolution
		HideSolutionNode = FALSE
	EndGlobalSection
	GlobalSection(ExtensibilityGlobals) = postSolution
		SolutionGuid = {978311F2-9AC1-4257-9953-4E5D29A26320}
	EndGlobalSection
EndGlobal
